
Microsoft Visual Studio Solution File, Format Version 12.00
# Visual Studio Version 17
VisualStudioVersion = 17.9.34728.123
MinimumVisualStudioVersion = 10.0.40219.1
Project("{FAE04EC0-301F-11D3-BF4B-00C04F79EFBC}") = "tarea", "tarea.csproj", "{C9899ED0-6753-40E5-8326-BEF406BEDCB5}"
EndProject
Global
	GlobalSection(SolutionConfigurationPlatforms) = preSolution
		Debug|Any CPU = Debug|Any CPU
		Release|Any CPU = Release|Any CPU
	EndGlobalSection
	GlobalSection(ProjectConfigurationPlatforms) = postSolution
		{C9899ED0-6753-40E5-8326-BEF406BEDCB5}.Debug|Any CPU.ActiveCfg = Debug|Any CPU
		{C9899ED0-6753-40E5-8326-BEF406BEDCB5}.Debug|Any CPU.Build.0 = Debug|Any CPU
		{C9899ED0-6753-40E5-8326-BEF406BEDCB5}.Release|Any CPU.ActiveCfg = Release|Any CPU
		{C9899ED0-6753-40E5-8326-BEF406BEDCB5}.Release|Any CPU.Build.0 = Release|Any CPU
	EndGlobalSection
	GlobalSection(SolutionProperties) = preSolution
		HideSolutionNode = FALSE
	EndGlobalSection
	GlobalSection(ExtensibilityGlobals) = postSolution
		SolutionGuid = {22F9A483-DDBE-4620-81F6-59105BF8429E}
	EndGlobalSection
EndGlobal
